{
    "_readme": [
        "This file locks the dependencies of your project to a known state",
        "Read more about it at https://getcomposer.org/doc/01-basic-usage.md#installing-dependencies",
        "This file is @generated automatically"
    ],
    "content-hash": "353213e77b573446fe07042538ddfaec",
    "packages": [
        {
            "name": "enshrined/svg-sanitize",
            "version": "dev-master",
            "source": {
                "type": "git",
                "url": "https://github.com/darylldoyle/svg-sanitizer.git",
                "reference": "c1ad90f6a3819ec40fb98fff0193f14fdeab35c8"
            },
            "dist": {
                "type": "zip",
                "url": "https://api.github.com/repos/darylldoyle/svg-sanitizer/zipball/c1ad90f6a3819ec40fb98fff0193f14fdeab35c8",
                "reference": "c1ad90f6a3819ec40fb98fff0193f14fdeab35c8",
                "shasum": ""
            },
            "require": {
                "ext-dom": "*",
                "ext-libxml": "*",
                "php": "^7.1 || ^8.0"
            },
            "require-dev": {
                "phpunit/phpunit": "^6.5 || ^8.5"
            },
            "default-branch": true,
            "type": "library",
            "autoload": {
                "psr-4": {
                    "enshrined\\svgSanitize\\": "src"
                }
            },
            "notification-url": "https://packagist.org/downloads/",
            "license": [
                "GPL-2.0-or-later"
            ],
            "authors": [
                {
                    "name": "Daryll Doyle",
                    "email": "daryll@enshrined.co.uk"
                }
            ],
            "description": "An SVG sanitizer for PHP",
            "support": {
                "issues": "https://github.com/darylldoyle/svg-sanitizer/issues",
                "source": "https://github.com/darylldoyle/svg-sanitizer/tree/master"
            },
            "time": "2025-08-12T15:43:45+00:00"
        }
    ],
    "packages-dev": [
        {
            "name": "antecedent/patchwork",
            "version": "2.2.3",
            "source": {
                "type": "git",
                "url": "https://github.com/antecedent/patchwork.git",
                "reference": "8b6b235f405af175259c8f56aea5fc23ab9f03ce"
            },
            "dist": {
                "type": "zip",
                "url": "https://api.github.com/repos/antecedent/patchwork/zipball/8b6b235f405af175259c8f56aea5fc23ab9f03ce",
                "reference": "8b6b235f405af175259c8f56aea5fc23ab9f03ce",
                "shasum": ""
            },
            "require": {
                "php": ">=7.1.0"
            },
            "require-dev": {
                "phpunit/phpunit": ">=4"
            },
            "type": "library",
            "notification-url": "https://packagist.org/downloads/",
            "license": [
                "MIT"
            ],
            "authors": [
                {
                    "name": "Ignas Rudaitis",
                    "email": "ignas.rudaitis@gmail.com"
                }
            ],
            "description": "Method redefinition (monkey-patching) functionality for PHP.",
            "homepage": "https://antecedent.github.io/patchwork/",
            "keywords": [
                "aop",
                "aspect",
                "interception",
                "monkeypatching",
                "redefinition",
                "runkit",
                "testing"
            ],
            "support": {
                "issues": "https://github.com/antecedent/patchwork/issues",
                "source": "https://github.com/antecedent/patchwork/tree/2.2.3"
            },
            "time": "2025-09-17T09:00:56+00:00"
        },
        {
            "name": "brain/monkey",
            "version": "dev-master",
            "source": {
                "type": "git",
                "url": "https://github.com/Brain-WP/BrainMonkey.git",
                "reference": "67f445499260934afaf3001d39212f28d6e7fffb"
            },
            "dist": {
                "type": "zip",
                "url": "https://api.github.com/repos/Brain-WP/BrainMonkey/zipball/67f445499260934afaf3001d39212f28d6e7fffb",
                "reference": "67f445499260934afaf3001d39212f28d6e7fffb",
                "shasum": ""
            },
            "require": {
                "antecedent/patchwork": "^2.1.17",
                "mockery/mockery": "^1.3.5 || ^1.4.4",
                "php": ">=5.6.0"
            },
            "require-dev": {
                "dealerdirect/phpcodesniffer-composer-installer": "^1.0.0",
                "phpcompatibility/php-compatibility": "^9.3.0",
                "phpunit/phpunit": "^5.7.26 || ^6.0 || ^7.0 || >=8.0 <8.5.12 || ^8.5.14 || ^9.0"
            },
            "default-branch": true,
            "type": "library",
            "extra": {
                "branch-alias": {
                    "dev-master": "2.x-dev",
                    "dev-version/1": "1.x-dev"
                }
            },
            "autoload": {
                "files": [
                    "inc/api.php"
                ],
                "psr-4": {
                    "Brain\\Monkey\\": "src/"
                }
            },
            "notification-url": "https://packagist.org/downloads/",
            "license": [
                "MIT"
            ],
            "authors": [
                {
                    "name": "Giuseppe Mazzapica",
                    "email": "giuseppe.mazzapica@gmail.com",
                    "homepage": "https://gmazzap.me",
                    "role": "Developer"
                }
            ],
            "description": "Mocking utility for PHP functions and WordPress plugin API",
            "keywords": [
                "Monkey Patching",
                "interception",
                "mock",
                "mock functions",
                "mockery",
                "patchwork",
                "redefinition",
                "runkit",
                "test",
                "testing"
            ],
            "support": {
                "issues": "https://github.com/Brain-WP/BrainMonkey/issues",
                "source": "https://github.com/Brain-WP/BrainMonkey"
            },
            "time": "2025-08-12T13:55:18+00:00"
        },
        {
            "name": "hamcrest/hamcrest-php",
            "version": "v2.1.1",
            "source": {
                "type": "git",
                "url": "https://github.com/hamcrest/hamcrest-php.git",
                "reference": "f8b1c0173b22fa6ec77a81fe63e5b01eba7e6487"
            },
            "dist": {
                "type": "zip",
                "url": "https://api.github.com/repos/hamcrest/hamcrest-php/zipball/f8b1c0173b22fa6ec77a81fe63e5b01eba7e6487",
                "reference": "f8b1c0173b22fa6ec77a81fe63e5b01eba7e6487",
                "shasum": ""
            },
            "require": {
                "php": "^7.4|^8.0"
            },
            "replace": {
                "cordoval/hamcrest-php": "*",
                "davedevelopment/hamcrest-php": "*",
                "kodova/hamcrest-php": "*"
            },
            "require-dev": {
                "phpunit/php-file-iterator": "^1.4 || ^2.0 || ^3.0",
                "phpunit/phpunit": "^4.8.36 || ^5.7 || ^6.5 || ^7.0 || ^8.0 || ^9.0"
            },
            "type": "library",
            "extra": {
                "branch-alias": {
                    "dev-master": "2.1-dev"
                }
            },
            "autoload": {
                "classmap": [
                    "hamcrest"
                ]
            },
            "notification-url": "https://packagist.org/downloads/",
            "license": [
                "BSD-3-Clause"
            ],
            "description": "This is the PHP port of Hamcrest Matchers",
            "keywords": [
                "test"
            ],
            "support": {
                "issues": "https://github.com/hamcrest/hamcrest-php/issues",
                "source": "https://github.com/hamcrest/hamcrest-php/tree/v2.1.1"
            },
            "time": "2025-04-30T06:54:44+00:00"
        },
        {
            "name": "mockery/mockery",
            "version": "1.7.x-dev",
            "source": {
                "type": "git",
                "url": "https://github.com/mockery/mockery.git",
                "reference": "3f8d3ff1ffe4c552d45c5690c6d825e9310769bf"
            },
            "dist": {
                "type": "zip",
                "url": "https://api.github.com/repos/mockery/mockery/zipball/3f8d3ff1ffe4c552d45c5690c6d825e9310769bf",
                "reference": "3f8d3ff1ffe4c552d45c5690c6d825e9310769bf",
                "shasum": ""
            },
            "require": {
                "hamcrest/hamcrest-php": "^2.0.1",
                "lib-pcre": ">=7.0",
                "php": ">=7.3"
            },
            "conflict": {
                "phpunit/phpunit": "<8.0"
            },
            "require-dev": {
                "phpunit/phpunit": ">=9.6.11 <10.4"
            },
            "type": "library",
            "autoload": {
                "files": [
                    "library/helpers.php",
                    "library/Mockery.php"
                ],
                "psr-4": {
                    "Mockery\\": "library/Mockery"
                }
            },
            "notification-url": "https://packagist.org/downloads/",
            "license": [
                "BSD-3-Clause"
            ],
            "authors": [
                {
                    "name": "Pádraic Brady",
                    "email": "padraic.brady@gmail.com",
                    "homepage": "https://github.com/padraic",
                    "role": "Author"
                },
                {
                    "name": "Dave Marshall",
                    "email": "dave.marshall@atstsolutions.co.uk",
                    "homepage": "https://davedevelopment.co.uk",
                    "role": "Developer"
                },
                {
                    "name": "Nathanael Esayeas",
                    "email": "nathanael.esayeas@protonmail.com",
                    "homepage": "https://github.com/ghostwriter",
                    "role": "Lead Developer"
                }
            ],
            "description": "Mockery is a simple yet flexible PHP mock object framework",
            "homepage": "https://github.com/mockery/mockery",
            "keywords": [
                "BDD",
                "TDD",
                "library",
                "mock",
                "mock objects",
                "mockery",
                "stub",
                "test",
                "test double",
                "testing"
            ],
            "support": {
                "docs": "https://docs.mockery.io/",
                "issues": "https://github.com/mockery/mockery/issues",
                "rss": "https://github.com/mockery/mockery/releases.atom",
                "security": "https://github.com/mockery/mockery/security/advisories",
                "source": "https://github.com/mockery/mockery"
            },
            "time": "2023-10-01T17:31:30+00:00"
        }
    ],
    "aliases": [],
    "minimum-stability": "dev",
    "stability-flags": {
        "enshrined/svg-sanitize": 20
    },
    "prefer-stable": false,
    "prefer-lowest": false,
    "platform": [],
    "platform-dev": [],
    "plugin-api-version": "2.3.0"
}
